
Microsoft Visual Studio Solution File, Format Version 12.00
# Visual Studio Version 16
VisualStudioVersion = 16.0.29306.81
MinimumVisualStudioVersion = 10.0.40219.1
Project("{FAE04EC0-301F-11D3-BF4B-00C04F79EFBC}") = "WebApplication", "WebApplication\WebApplication.csproj", "{137FC445-103B-4D9F-9024-E957FE8EEDCF}"
EndProject
Global
	GlobalSection(SolutionConfigurationPlatforms) = preSolution
		Debug|Any CPU = Debug|Any CPU
		Release|Any CPU = Release|Any CPU
	EndGlobalSection
	GlobalSection(ProjectConfigurationPlatforms) = postSolution
		{137FC445-103B-4D9F-9024-E957FE8EEDCF}.Debug|Any CPU.ActiveCfg = Debug|Any CPU
		{137FC445-103B-4D9F-9024-E957FE8EEDCF}.Debug|Any CPU.Build.0 = Debug|Any CPU
		{137FC445-103B-4D9F-9024-E957FE8EEDCF}.Release|Any CPU.ActiveCfg = Release|Any CPU
		{137FC445-103B-4D9F-9024-E957FE8EEDCF}.Release|Any CPU.Build.0 = Release|Any CPU
	EndGlobalSection
	GlobalSection(SolutionProperties) = preSolution
		HideSolutionNode = FALSE
	EndGlobalSection
	GlobalSection(ExtensibilityGlobals) = postSolution
		SolutionGuid = {EDF985B0-B312-4B0B-A29A-56AF2EC582A8}
	EndGlobalSection
EndGlobal
